
Microsoft Visual Studio Solution File, Format Version 12.00
# Visual Studio Version 17
VisualStudioVersion = 17.8.34408.163
MinimumVisualStudioVersion = 10.0.40219.1
Project("{9A19103F-16F7-4668-BE54-9A1E7A4F7556}") = "WPFMVVMSandbox.View", "WPFMVVMSandbox.View\WPFMVVMSandbox.View.csproj", "{39674479-8946-4D92-8AEA-53DBA3559DF5}"
EndProject
Project("{9A19103F-16F7-4668-BE54-9A1E7A4F7556}") = "WPFMVVMSandbox.Model", "WPFMVVMSandbox.Model\WPFMVVMSandbox.Model.csproj", "{B5EF9B70-D93E-419E-A07A-CEFA417BFCA2}"
EndProject
Project("{9A19103F-16F7-4668-BE54-9A1E7A4F7556}") = "WPFMVVMSandbox.ViewModel", "WPFMVVMSandbox.ViewModel\WPFMVVMSandbox.ViewModel.csproj", "{B2BA3F43-2695-4F56-854F-C1C22BC8F41C}"
EndProject
Project("{FAE04EC0-301F-11D3-BF4B-00C04F79EFBC}") = "Library.MVVM", "Library.MVVM\Library.MVVM.csproj", "{DB20C311-F54A-4F0D-85DA-1083A392EB2C}"
EndProject
Project("{FAE04EC0-301F-11D3-BF4B-00C04F79EFBC}") = "Library.Infrastructure", "Library.Infrastructure\Library.Infrastructure.csproj", "{A5AF3A79-5504-482E-BBBD-17900C011649}"
EndProject
Global
	GlobalSection(SolutionConfigurationPlatforms) = preSolution
		Debug|Any CPU = Debug|Any CPU
		Release|Any CPU = Release|Any CPU
	EndGlobalSection
	GlobalSection(ProjectConfigurationPlatforms) = postSolution
		{39674479-8946-4D92-8AEA-53DBA3559DF5}.Debug|Any CPU.ActiveCfg = Debug|Any CPU
		{39674479-8946-4D92-8AEA-53DBA3559DF5}.Debug|Any CPU.Build.0 = Debug|Any CPU
		{39674479-8946-4D92-8AEA-53DBA3559DF5}.Release|Any CPU.ActiveCfg = Release|Any CPU
		{39674479-8946-4D92-8AEA-53DBA3559DF5}.Release|Any CPU.Build.0 = Release|Any CPU
		{B5EF9B70-D93E-419E-A07A-CEFA417BFCA2}.Debug|Any CPU.ActiveCfg = Debug|Any CPU
		{B5EF9B70-D93E-419E-A07A-CEFA417BFCA2}.Debug|Any CPU.Build.0 = Debug|Any CPU
		{B5EF9B70-D93E-419E-A07A-CEFA417BFCA2}.Release|Any CPU.ActiveCfg = Release|Any CPU
		{B5EF9B70-D93E-419E-A07A-CEFA417BFCA2}.Release|Any CPU.Build.0 = Release|Any CPU
		{B2BA3F43-2695-4F56-854F-C1C22BC8F41C}.Debug|Any CPU.ActiveCfg = Debug|Any CPU
		{B2BA3F43-2695-4F56-854F-C1C22BC8F41C}.Debug|Any CPU.Build.0 = Debug|Any CPU
		{B2BA3F43-2695-4F56-854F-C1C22BC8F41C}.Release|Any CPU.ActiveCfg = Release|Any CPU
		{B2BA3F43-2695-4F56-854F-C1C22BC8F41C}.Release|Any CPU.Build.0 = Release|Any CPU
		{DB20C311-F54A-4F0D-85DA-1083A392EB2C}.Debug|Any CPU.ActiveCfg = Debug|Any CPU
		{DB20C311-F54A-4F0D-85DA-1083A392EB2C}.Debug|Any CPU.Build.0 = Debug|Any CPU
		{DB20C311-F54A-4F0D-85DA-1083A392EB2C}.Release|Any CPU.ActiveCfg = Release|Any CPU
		{DB20C311-F54A-4F0D-85DA-1083A392EB2C}.Release|Any CPU.Build.0 = Release|Any CPU
		{A5AF3A79-5504-482E-BBBD-17900C011649}.Debug|Any CPU.ActiveCfg = Debug|Any CPU
		{A5AF3A79-5504-482E-BBBD-17900C011649}.Debug|Any CPU.Build.0 = Debug|Any CPU
		{A5AF3A79-5504-482E-BBBD-17900C011649}.Release|Any CPU.ActiveCfg = Release|Any CPU
		{A5AF3A79-5504-482E-BBBD-17900C011649}.Release|Any CPU.Build.0 = Release|Any CPU
	EndGlobalSection
	GlobalSection(SolutionProperties) = preSolution
		HideSolutionNode = FALSE
	EndGlobalSection
	GlobalSection(ExtensibilityGlobals) = postSolution
		SolutionGuid = {61443EE9-96BD-42DB-91D1-EDF268E23A7E}
	EndGlobalSection
EndGlobal
